
Microsoft Visual Studio Solution File, Format Version 12.00
# Visual Studio 14
VisualStudioVersion = 14.0.24720.0
MinimumVisualStudioVersion = 10.0.40219.1
Project("{FAE04EC0-301F-11D3-BF4B-00C04F79EFBC}") = "Web", "Stockwatch\Web.csproj", "{3D7F16B7-8982-41B8-B301-3F356DF22C4B}"
EndProject
Project("{FAE04EC0-301F-11D3-BF4B-00C04F79EFBC}") = "Domain", "Domain\Domain.csproj", "{FE2F9F2F-991D-4693-8372-EEB1D9496A40}"
EndProject
Project("{FAE04EC0-301F-11D3-BF4B-00C04F79EFBC}") = "Data", "Data\Data.csproj", "{2942598E-A28B-477B-8457-883867A01CB4}"
EndProject
Global
	GlobalSection(SolutionConfigurationPlatforms) = preSolution
		Debug|Any CPU = Debug|Any CPU
		Release|Any CPU = Release|Any CPU
	EndGlobalSection
	GlobalSection(ProjectConfigurationPlatforms) = postSolution
		{3D7F16B7-8982-41B8-B301-3F356DF22C4B}.Debug|Any CPU.ActiveCfg = Debug|Any CPU
		{3D7F16B7-8982-41B8-B301-3F356DF22C4B}.Debug|Any CPU.Build.0 = Debug|Any CPU
		{3D7F16B7-8982-41B8-B301-3F356DF22C4B}.Release|Any CPU.ActiveCfg = Release|Any CPU
		{3D7F16B7-8982-41B8-B301-3F356DF22C4B}.Release|Any CPU.Build.0 = Release|Any CPU
		{FE2F9F2F-991D-4693-8372-EEB1D9496A40}.Debug|Any CPU.ActiveCfg = Debug|Any CPU
		{FE2F9F2F-991D-4693-8372-EEB1D9496A40}.Debug|Any CPU.Build.0 = Debug|Any CPU
		{FE2F9F2F-991D-4693-8372-EEB1D9496A40}.Release|Any CPU.ActiveCfg = Release|Any CPU
		{FE2F9F2F-991D-4693-8372-EEB1D9496A40}.Release|Any CPU.Build.0 = Release|Any CPU
		{2942598E-A28B-477B-8457-883867A01CB4}.Debug|Any CPU.ActiveCfg = Debug|Any CPU
		{2942598E-A28B-477B-8457-883867A01CB4}.Debug|Any CPU.Build.0 = Debug|Any CPU
		{2942598E-A28B-477B-8457-883867A01CB4}.Release|Any CPU.ActiveCfg = Release|Any CPU
		{2942598E-A28B-477B-8457-883867A01CB4}.Release|Any CPU.Build.0 = Release|Any CPU
	EndGlobalSection
	GlobalSection(SolutionProperties) = preSolution
		HideSolutionNode = FALSE
	EndGlobalSection
EndGlobal
